
Microsoft Visual Studio Solution File, Format Version 12.00
# Visual Studio Version 17
VisualStudioVersion = 17.11.35327.3
MinimumVisualStudioVersion = 10.0.40219.1
Project("{FAE04EC0-301F-11D3-BF4B-00C04F79EFBC}") = "Economy.Memory", "Economy.Memory\Economy.Memory.csproj", "{E40C646A-95C7-4AD2-A687-9801A517E827}"
EndProject
Project("{FAE04EC0-301F-11D3-BF4B-00C04F79EFBC}") = "Economy.Temp", "Economy.Temp\Economy.Temp.csproj", "{17B2F29C-89E4-4202-A189-B402D133D647}"
EndProject
Global
	GlobalSection(SolutionConfigurationPlatforms) = preSolution
		Debug|Any CPU = Debug|Any CPU
		Release|Any CPU = Release|Any CPU
	EndGlobalSection
	GlobalSection(ProjectConfigurationPlatforms) = postSolution
		{E40C646A-95C7-4AD2-A687-9801A517E827}.Debug|Any CPU.ActiveCfg = Debug|Any CPU
		{E40C646A-95C7-4AD2-A687-9801A517E827}.Debug|Any CPU.Build.0 = Debug|Any CPU
		{E40C646A-95C7-4AD2-A687-9801A517E827}.Release|Any CPU.ActiveCfg = Release|Any CPU
		{E40C646A-95C7-4AD2-A687-9801A517E827}.Release|Any CPU.Build.0 = Release|Any CPU
		{17B2F29C-89E4-4202-A189-B402D133D647}.Debug|Any CPU.ActiveCfg = Debug|Any CPU
		{17B2F29C-89E4-4202-A189-B402D133D647}.Debug|Any CPU.Build.0 = Debug|Any CPU
		{17B2F29C-89E4-4202-A189-B402D133D647}.Release|Any CPU.ActiveCfg = Release|Any CPU
		{17B2F29C-89E4-4202-A189-B402D133D647}.Release|Any CPU.Build.0 = Release|Any CPU
	EndGlobalSection
	GlobalSection(SolutionProperties) = preSolution
		HideSolutionNode = FALSE
	EndGlobalSection
	GlobalSection(ExtensibilityGlobals) = postSolution
		SolutionGuid = {8FC61BBF-D376-4CC1-810F-0EE9872EF6D7}
	EndGlobalSection
EndGlobal
